
Microsoft Visual Studio Solution File, Format Version 12.00
# Visual Studio Version 17
VisualStudioVersion = 17.5.002.0
MinimumVisualStudioVersion = 10.0.40219.1
Project("{9A19103F-16F7-4668-BE54-9A1E7A4F7556}") = "TrilhaApiDesafio", "TrilhaApiDesafio.csproj", "{E851DFAC-6AC5-432D-820E-0F5E74754189}"
EndProject
Global
	GlobalSection(SolutionConfigurationPlatforms) = preSolution
		Debug|Any CPU = Debug|Any CPU
		Release|Any CPU = Release|Any CPU
	EndGlobalSection
	GlobalSection(ProjectConfigurationPlatforms) = postSolution
		{E851DFAC-6AC5-432D-820E-0F5E74754189}.Debug|Any CPU.ActiveCfg = Debug|Any CPU
		{E851DFAC-6AC5-432D-820E-0F5E74754189}.Debug|Any CPU.Build.0 = Debug|Any CPU
		{E851DFAC-6AC5-432D-820E-0F5E74754189}.Release|Any CPU.ActiveCfg = Release|Any CPU
		{E851DFAC-6AC5-432D-820E-0F5E74754189}.Release|Any CPU.Build.0 = Release|Any CPU
	EndGlobalSection
	GlobalSection(SolutionProperties) = preSolution
		HideSolutionNode = FALSE
	EndGlobalSection
	GlobalSection(ExtensibilityGlobals) = postSolution
		SolutionGuid = {BD479016-547B-4AB6-B1B3-35583D23E8B5}
	EndGlobalSection
EndGlobal
